PODS:
  - Flutter (1.0.0)
  - flutter_myplugin (0.0.1):
    - Flutter

DEPENDENCIES:
  - Flutter (from `Flutter`)
  - flutter_myplugin (from `.symlinks/plugins/flutter_myplugin/ios`)

EXTERNAL SOURCES:
  Flutter:
    :path: Flutter
  flutter_myplugin:
    :path: ".symlinks/plugins/flutter_myplugin/ios"

SPEC CHECKSUMS:
  Flutter: 0e3d915762c693b495b44d77113d4970485de6ec
  flutter_myplugin: 2dde575c463bc033a43de536ef2fb258776571da

PODFILE CHECKSUM: f32fb4e7c14f8b3ca19a369d7be425dd9241af27

COCOAPODS: 1.8.4
